
Microsoft Visual Studio Solution File, Format Version 12.00
# Visual Studio Version 17
VisualStudioVersion = 17.12.35707.178
MinimumVisualStudioVersion = 10.0.40219.1
Project("{FAE04EC0-301F-11D3-BF4B-00C04F79EFBC}") = "Logica", "Logica\Logica.csproj", "{59965F6C-4937-4914-938E-679B350B669F}"
EndProject
Project("{FAE04EC0-301F-11D3-BF4B-00C04F79EFBC}") = "Entidades", "Entidades\Entidades.csproj", "{3BDEAAC6-1F58-4A22-9815-B7ED6D97AA97}"
EndProject
Project("{FAE04EC0-301F-11D3-BF4B-00C04F79EFBC}") = "Datos-POSTGRES", "Datos-POSTGRES\Datos-POSTGRES.csproj", "{6A66EEF2-1D34-4057-898A-AD4476C5270D}"
EndProject
Project("{FAE04EC0-301F-11D3-BF4B-00C04F79EFBC}") = "GUI", "GUI\GUI.csproj", "{AAB3174F-D02F-417E-B15F-F2FD252F942F}"
EndProject
Global
	GlobalSection(SolutionConfigurationPlatforms) = preSolution
		Debug|Any CPU = Debug|Any CPU
		Release|Any CPU = Release|Any CPU
	EndGlobalSection
	GlobalSection(ProjectConfigurationPlatforms) = postSolution
		{59965F6C-4937-4914-938E-679B350B669F}.Debug|Any CPU.ActiveCfg = Debug|Any CPU
		{59965F6C-4937-4914-938E-679B350B669F}.Debug|Any CPU.Build.0 = Debug|Any CPU
		{59965F6C-4937-4914-938E-679B350B669F}.Release|Any CPU.ActiveCfg = Release|Any CPU
		{59965F6C-4937-4914-938E-679B350B669F}.Release|Any CPU.Build.0 = Release|Any CPU
		{3BDEAAC6-1F58-4A22-9815-B7ED6D97AA97}.Debug|Any CPU.ActiveCfg = Debug|Any CPU
		{3BDEAAC6-1F58-4A22-9815-B7ED6D97AA97}.Debug|Any CPU.Build.0 = Debug|Any CPU
		{3BDEAAC6-1F58-4A22-9815-B7ED6D97AA97}.Release|Any CPU.ActiveCfg = Release|Any CPU
		{3BDEAAC6-1F58-4A22-9815-B7ED6D97AA97}.Release|Any CPU.Build.0 = Release|Any CPU
		{6A66EEF2-1D34-4057-898A-AD4476C5270D}.Debug|Any CPU.ActiveCfg = Debug|Any CPU
		{6A66EEF2-1D34-4057-898A-AD4476C5270D}.Debug|Any CPU.Build.0 = Debug|Any CPU
		{6A66EEF2-1D34-4057-898A-AD4476C5270D}.Release|Any CPU.ActiveCfg = Release|Any CPU
		{6A66EEF2-1D34-4057-898A-AD4476C5270D}.Release|Any CPU.Build.0 = Release|Any CPU
		{AAB3174F-D02F-417E-B15F-F2FD252F942F}.Debug|Any CPU.ActiveCfg = Debug|Any CPU
		{AAB3174F-D02F-417E-B15F-F2FD252F942F}.Debug|Any CPU.Build.0 = Debug|Any CPU
		{AAB3174F-D02F-417E-B15F-F2FD252F942F}.Release|Any CPU.ActiveCfg = Release|Any CPU
		{AAB3174F-D02F-417E-B15F-F2FD252F942F}.Release|Any CPU.Build.0 = Release|Any CPU
	EndGlobalSection
	GlobalSection(SolutionProperties) = preSolution
		HideSolutionNode = FALSE
	EndGlobalSection
	GlobalSection(ExtensibilityGlobals) = postSolution
		SolutionGuid = {C6948B18-2368-41E4-98C8-DA2715999513}
	EndGlobalSection
EndGlobal
